{
  "name": "dr-utils",
  "version": "1.0.0",
  "lockfileVersion": 3,
  "requires": true,
  "packages": {
    "": {
      "name": "dr-utils",
      "version": "1.0.0",
      "license": "ISC",
      "workspaces": [
        "packages/formatters",
        "packages/date-formatters"
      ],
      "devDependencies": {
        "@tsconfig/node18": "18.2.2",
        "typescript": "5.3.3"
      },
      "engines": {
        "node": ">=18.0.0",
        "npm": ">=9.0.0"
      }
    },
    "node_modules/@dr-utils/date-formatters": {
      "resolved": "packages/date-formatters",
      "link": true
    },
    "node_modules/@dr-utils/formatters": {
      "resolved": "packages/formatters",
      "link": true
    },
    "node_modules/@tsconfig/node18": {
      "version": "18.2.2",
      "resolved": "https://registry.npmjs.org/@tsconfig/node18/-/node18-18.2.2.tgz",
      "integrity": "sha512-d6McJeGsuoRlwWZmVIeE8CUA27lu6jLjvv1JzqmpsytOYYbVi1tHZEnwCNVOXnj4pyLvneZlFlpXUK+X9wBWyw==",
      "dev": true
    },
    "node_modules/typescript": {
      "version": "5.3.3",
      "resolved": "https://registry.npmjs.org/typescript/-/typescript-5.3.3.tgz",
      "integrity": "sha512-pXWcraxM0uxAS+tN0AG/BF2TyqmHO014Z070UsJ+pFvYuRSq8KH8DmWpnbXe0pEPDHXZV3FcAbJkijJ5oNEnWw==",
      "dev": true,
      "bin": {
        "tsc": "bin/tsc",
        "tsserver": "bin/tsserver"
      },
      "engines": {
        "node": ">=14.17"
      }
    },
    "packages/date-formatters": {
      "version": "1.0.0",
      "license": "ISC",
      "devDependencies": {}
    },
    "packages/formatters": {
      "name": "@dr-utils/formatters",
      "version": "1.0.0",
      "license": "ISC",
      "devDependencies": {}
    }
  }
}
